// !$*UTF8*$!
{
	archiveVersion = 1;
	classes = {
	};
	objectVersion = 56;
	objects = {

/* Begin PBXBuildFile section */
		19331CDA2C1161DE00B1C460 /* AppDelegate.swift in Sources */ = {isa = PBXBuildFile; fileRef = 19331CD92C1161DE00B1C460 /* AppDelegate.swift */; };
		19331CDC2C1161DE00B1C460 /* SceneDelegate.swift in Sources */ = {isa = PBXBuildFile; fileRef = 19331CDB2C1161DE00B1C460 /* SceneDelegate.swift */; };
		19331CDE2C1161DE00B1C460 /* MainTabBarViewController.swift in Sources */ = {isa = PBXBuildFile; fileRef = 19331CDD2C1161DE00B1C460 /* MainTabBarViewController.swift */; };
		19331CE32C1161E000B1C460 /* Assets.xcassets in Resources */ = {isa = PBXBuildFile; fileRef = 19331CE22C1161E000B1C460 /* Assets.xcassets */; };
		19331CE62C1161E000B1C460 /* LaunchScreen.storyboard in Resources */ = {isa = PBXBuildFile; fileRef = 19331CE42C1161E000B1C460 /* LaunchScreen.storyboard */; };
		19331CEF2C11679C00B1C460 /* HomeViewController.swift in Sources */ = {isa = PBXBuildFile; fileRef = 19331CEE2C11679C00B1C460 /* HomeViewController.swift */; };
		19331CF12C1167CC00B1C460 /* UpcomingViewController.swift in Sources */ = {isa = PBXBuildFile; fileRef = 19331CF02C1167CC00B1C460 /* UpcomingViewController.swift */; };
		19331CF32C1167FC00B1C460 /* SearchViewController.swift in Sources */ = {isa = PBXBuildFile; fileRef = 19331CF22C1167FC00B1C460 /* SearchViewController.swift */; };
		19331CF52C11682B00B1C460 /* DownloadsViewController.swift in Sources */ = {isa = PBXBuildFile; fileRef = 19331CF42C11682B00B1C460 /* DownloadsViewController.swift */; };
		19331CFC2C14204100B1C460 /* CollectionViewTableViewCell.swift in Sources */ = {isa = PBXBuildFile; fileRef = 19331CFB2C14204100B1C460 /* CollectionViewTableViewCell.swift */; };
		19331CFE2C15734100B1C460 /* HeroHeaderUIView.swift in Sources */ = {isa = PBXBuildFile; fileRef = 19331CFD2C15734100B1C460 /* HeroHeaderUIView.swift */; };
		19331D002C1D659100B1C460 /* APICaller.swift in Sources */ = {isa = PBXBuildFile; fileRef = 19331CFF2C1D659100B1C460 /* APICaller.swift */; };
/* End PBXBuildFile section */

/* Begin PBXFileReference section */
		19331CD62C1161DE00B1C460 /* Netflix Clone.app */ = {isa = PBXFileReference; explicitFileType = wrapper.application; includeInIndex = 0; path = "Netflix Clone.app"; sourceTree = BUILT_PRODUCTS_DIR; };
		19331CD92C1161DE00B1C460 /* AppDelegate.swift */ = {isa = PBXFileReference; lastKnownFileType = sourcecode.swift; path = AppDelegate.swift; sourceTree = "<group>"; };
		19331CDB2C1161DE00B1C460 /* SceneDelegate.swift */ = {isa = PBXFileReference; lastKnownFileType = sourcecode.swift; path = SceneDelegate.swift; sourceTree = "<group>"; };
		19331CDD2C1161DE00B1C460 /* MainTabBarViewController.swift */ = {isa = PBXFileReference; lastKnownFileType = sourcecode.swift; path = MainTabBarViewController.swift; sourceTree = "<group>"; };
		19331CE22C1161E000B1C460 /* Assets.xcassets */ = {isa = PBXFileReference; lastKnownFileType = folder.assetcatalog; path = Assets.xcassets; sourceTree = "<group>"; };
		19331CE52C1161E000B1C460 /* Base */ = {isa = PBXFileReference; lastKnownFileType = file.storyboard; name = Base; path = Base.lproj/LaunchScreen.storyboard; sourceTree = "<group>"; };
		19331CE72C1161E000B1C460 /* Info.plist */ = {isa = PBXFileReference; lastKnownFileType = text.plist.xml; path = Info.plist; sourceTree = "<group>"; };
		19331CEE2C11679C00B1C460 /* HomeViewController.swift */ = {isa = PBXFileReference; lastKnownFileType = sourcecode.swift; path = HomeViewController.swift; sourceTree = "<group>"; };
		19331CF02C1167CC00B1C460 /* UpcomingViewController.swift */ = {isa = PBXFileReference; lastKnownFileType = sourcecode.swift; path = UpcomingViewController.swift; sourceTree = "<group>"; };
		19331CF22C1167FC00B1C460 /* SearchViewController.swift */ = {isa = PBXFileReference; lastKnownFileType = sourcecode.swift; path = SearchViewController.swift; sourceTree = "<group>"; };
		19331CF42C11682B00B1C460 /* DownloadsViewController.swift */ = {isa = PBXFileReference; lastKnownFileType = sourcecode.swift; path = DownloadsViewController.swift; sourceTree = "<group>"; };
		19331CFB2C14204100B1C460 /* CollectionViewTableViewCell.swift */ = {isa = PBXFileReference; lastKnownFileType = sourcecode.swift; path = CollectionViewTableViewCell.swift; sourceTree = "<group>"; };
		19331CFD2C15734100B1C460 /* HeroHeaderUIView.swift */ = {isa = PBXFileReference; lastKnownFileType = sourcecode.swift; path = HeroHeaderUIView.swift; sourceTree = "<group>"; };
		19331CFF2C1D659100B1C460 /* APICaller.swift */ = {isa = PBXFileReference; lastKnownFileType = sourcecode.swift; path = APICaller.swift; sourceTree = "<group>"; };
/* End PBXFileReference section */

/* Begin PBXFrameworksBuildPhase section */
		19331CD32C1161DE00B1C460 /* Frameworks */ = {
			isa = PBXFrameworksBuildPhase;
			buildActionMask = 2147483647;
			files = (
			);
			runOnlyForDeploymentPostprocessing = 0;
		};
/* End PBXFrameworksBuildPhase section */

/* Begin PBXGroup section */
		19331CCD2C1161DE00B1C460 = {
			isa = PBXGroup;
			children = (
				19331CD82C1161DE00B1C460 /* Netflix Clone */,
				19331CD72C1161DE00B1C460 /* Products */,
			);
			sourceTree = "<group>";
		};
		19331CD72C1161DE00B1C460 /* Products */ = {
			isa = PBXGroup;
			children = (
				19331CD62C1161DE00B1C460 /* Netflix Clone.app */,
			);
			name = Products;
			sourceTree = "<group>";
		};
		19331CD82C1161DE00B1C460 /* Netflix Clone */ = {
			isa = PBXGroup;
			children = (
				19331CFA2C141FCF00B1C460 /* Managers */,
				19331CF92C141FC500B1C460 /* Resources */,
				19331CF82C141F9100B1C460 /* Models */,
				19331CF62C141C6400B1C460 /* Views */,
				19331CF72C141C8200B1C460 /* ViewModels */,
				19331CED2C11675600B1C460 /* Controllers */,
				19331CD92C1161DE00B1C460 /* AppDelegate.swift */,
				19331CDB2C1161DE00B1C460 /* SceneDelegate.swift */,
				19331CDD2C1161DE00B1C460 /* MainTabBarViewController.swift */,
				19331CE22C1161E000B1C460 /* Assets.xcassets */,
				19331CE42C1161E000B1C460 /* LaunchScreen.storyboard */,
				19331CE72C1161E000B1C460 /* Info.plist */,
			);
			path = "Netflix Clone";
			sourceTree = "<group>";
		};
		19331CED2C11675600B1C460 /* Controllers */ = {
			isa = PBXGroup;
			children = (
				19331CEE2C11679C00B1C460 /* HomeViewController.swift */,
				19331CF02C1167CC00B1C460 /* UpcomingViewController.swift */,
				19331CF22C1167FC00B1C460 /* SearchViewController.swift */,
				19331CF42C11682B00B1C460 /* DownloadsViewController.swift */,
			);
			path = Controllers;
			sourceTree = "<group>";
		};
		19331CF62C141C6400B1C460 /* Views */ = {
			isa = PBXGroup;
			children = (
				19331CFB2C14204100B1C460 /* CollectionViewTableViewCell.swift */,
				19331CFD2C15734100B1C460 /* HeroHeaderUIView.swift */,
			);
			path = Views;
			sourceTree = "<group>";
		};
		19331CF72C141C8200B1C460 /* ViewModels */ = {
			isa = PBXGroup;
			children = (
			);
			path = ViewModels;
			sourceTree = "<group>";
		};
		19331CF82C141F9100B1C460 /* Models */ = {
			isa = PBXGroup;
			children = (
			);
			path = Models;
			sourceTree = "<group>";
		};
		19331CF92C141FC500B1C460 /* Resources */ = {
			isa = PBXGroup;
			children = (
			);
			path = Resources;
			sourceTree = "<group>";
		};
		19331CFA2C141FCF00B1C460 /* Managers */ = {
			isa = PBXGroup;
			children = (
				19331CFF2C1D659100B1C460 /* APICaller.swift */,
			);
			path = Managers;
			sourceTree = "<group>";
		};
/* End PBXGroup section */

/* Begin PBXNativeTarget section */
		19331CD52C1161DE00B1C460 /* Netflix Clone */ = {
			isa = PBXNativeTarget;
			buildConfigurationList = 19331CEA2C1161E000B1C460 /* Build configuration list for PBXNativeTarget "Netflix Clone" */;
			buildPhases = (
				19331CD22C1161DE00B1C460 /* Sources */,
				19331CD32C1161DE00B1C460 /* Frameworks */,
				19331CD42C1161DE00B1C460 /* Resources */,
			);
			buildRules = (
			);
			dependencies = (
			);
			name = "Netflix Clone";
			productName = "Netflix Clone";
			productReference = 19331CD62C1161DE00B1C460 /* Netflix Clone.app */;
			productType = "com.apple.product-type.application";
		};
/* End PBXNativeTarget section */

/* Begin PBXProject section */
		19331CCE2C1161DE00B1C460 /* Project object */ = {
			isa = PBXProject;
			attributes = {
				BuildIndependentTargetsInParallel = 1;
				LastSwiftUpdateCheck = 1520;
				LastUpgradeCheck = 1520;
				TargetAttributes = {
					19331CD52C1161DE00B1C460 = {
						CreatedOnToolsVersion = 15.2;
					};
				};
			};
			buildConfigurationList = 19331CD12C1161DE00B1C460 /* Build configuration list for PBXProject "Netflix Clone" */;
			compatibilityVersion = "Xcode 14.0";
			developmentRegion = en;
			hasScannedForEncodings = 0;
			knownRegions = (
				en,
				Base,
			);
			mainGroup = 19331CCD2C1161DE00B1C460;
			productRefGroup = 19331CD72C1161DE00B1C460 /* Products */;
			projectDirPath = "";
			projectRoot = "";
			targets = (
				19331CD52C1161DE00B1C460 /* Netflix Clone */,
			);
		};
/* End PBXProject section */

/* Begin PBXResourcesBuildPhase section */
		19331CD42C1161DE00B1C460 /* Resources */ = {
			isa = PBXResourcesBuildPhase;
			buildActionMask = 2147483647;
			files = (
				19331CE62C1161E000B1C460 /* LaunchScreen.storyboard in Resources */,
				19331CE32C1161E000B1C460 /* Assets.xcassets in Resources */,
			);
			runOnlyForDeploymentPostprocessing = 0;
		};
/* End PBXResourcesBuildPhase section */

/* Begin PBXSourcesBuildPhase section */
		19331CD22C1161DE00B1C460 /* Sources */ = {
			isa = PBXSourcesBuildPhase;
			buildActionMask = 2147483647;
			files = (
				19331CF32C1167FC00B1C460 /* SearchViewController.swift in Sources */,
				19331CDE2C1161DE00B1C460 /* MainTabBarViewController.swift in Sources */,
				19331CFC2C14204100B1C460 /* CollectionViewTableViewCell.swift in Sources */,
				19331D002C1D659100B1C460 /* APICaller.swift in Sources */,
				19331CFE2C15734100B1C460 /* HeroHeaderUIView.swift in Sources */,
				19331CF52C11682B00B1C460 /* DownloadsViewController.swift in Sources */,
				19331CDA2C1161DE00B1C460 /* AppDelegate.swift in Sources */,
				19331CDC2C1161DE00B1C460 /* SceneDelegate.swift in Sources */,
				19331CF12C1167CC00B1C460 /* UpcomingViewController.swift in Sources */,
				19331CEF2C11679C00B1C460 /* HomeViewController.swift in Sources */,
			);
			runOnlyForDeploymentPostprocessing = 0;
		};
/* End PBXSourcesBuildPhase section */

/* Begin PBXVariantGroup section */
		19331CE42C1161E000B1C460 /* LaunchScreen.storyboard */ = {
			isa = PBXVariantGroup;
			children = (
				19331CE52C1161E000B1C460 /* Base */,
			);
			name = LaunchScreen.storyboard;
			sourceTree = "<group>";
		};
/* End PBXVariantGroup section */

/* Begin XCBuildConfiguration section */
		19331CE82C1161E000B1C460 /* Debug */ = {
			isa = XCBuildConfiguration;
			buildSettings = {
				ALWAYS_SEARCH_USER_PATHS = NO;
				ASSETCATALOG_COMPILER_GENERATE_SWIFT_ASSET_SYMBOL_EXTENSIONS = YES;
				CLANG_ANALYZER_NONNULL = YES;
				CLANG_ANALYZER_NUMBER_OBJECT_CONVERSION = YES_AGGRESSIVE;
				CLANG_CXX_LANGUAGE_STANDARD = "gnu++20";
				CLANG_ENABLE_MODULES = YES;
				CLANG_ENABLE_OBJC_ARC = YES;
				CLANG_ENABLE_OBJC_WEAK = YES;
				CLANG_WARN_BLOCK_CAPTURE_AUTORELEASING = YES;
				CLANG_WARN_BOOL_CONVERSION = YES;
				CLANG_WARN_COMMA = YES;
				CLANG_WARN_CONSTANT_CONVERSION = YES;
				CLANG_WARN_DEPRECATED_OBJC_IMPLEMENTATIONS = YES;
				CLANG_WARN_DIRECT_OBJC_ISA_USAGE = YES_ERROR;
				CLANG_WARN_DOCUMENTATION_COMMENTS = YES;
				CLANG_WARN_EMPTY_BODY = YES;
				CLANG_WARN_ENUM_CONVERSION = YES;
				CLANG_WARN_INFINITE_RECURSION = YES;
				CLANG_WARN_INT_CONVERSION = YES;
				CLANG_WARN_NON_LITERAL_NULL_CONVERSION = YES;
				CLANG_WARN_OBJC_IMPLICIT_RETAIN_SELF = YES;
				CLANG_WARN_OBJC_LITERAL_CONVERSION = YES;
				CLANG_WARN_OBJC_ROOT_CLASS = YES_ERROR;
				CLANG_WARN_QUOTED_INCLUDE_IN_FRAMEWORK_HEADER = YES;
				CLANG_WARN_RANGE_LOOP_ANALYSIS = YES;
				CLANG_WARN_STRICT_PROTOTYPES = YES;
				CLANG_WARN_SUSPICIOUS_MOVE = YES;
				CLANG_WARN_UNGUARDED_AVAILABILITY = YES_AGGRESSIVE;
				CLANG_WARN_UNREACHABLE_CODE = YES;
				CLANG_WARN__DUPLICATE_METHOD_MATCH = YES;
				COPY_PHASE_STRIP = NO;
				DEBUG_INFORMATION_FORMAT = dwarf;
				ENABLE_STRICT_OBJC_MSGSEND = YES;
				ENABLE_TESTABILITY = YES;
				ENABLE_USER_SCRIPT_SANDBOXING = YES;
				GCC_C_LANGUAGE_STANDARD = gnu17;
				GCC_DYNAMIC_NO_PIC = NO;
				GCC_NO_COMMON_BLOCKS = YES;
				GCC_OPTIMIZATION_LEVEL = 0;
				GCC_PREPROCESSOR_DEFINITIONS = (
					"DEBUG=1",
					"$(inherited)",
				);
				GCC_WARN_64_TO_32_BIT_CONVERSION = YES;
				GCC_WARN_ABOUT_RETURN_TYPE = YES_ERROR;
				GCC_WARN_UNDECLARED_SELECTOR = YES;
				GCC_WARN_UNINITIALIZED_AUTOS = YES_AGGRESSIVE;
				GCC_WARN_UNUSED_FUNCTION = YES;
				GCC_WARN_UNUSED_VARIABLE = YES;
				IPHONEOS_DEPLOYMENT_TARGET = 17.2;
				LOCALIZATION_PREFERS_STRING_CATALOGS = YES;
				MTL_ENABLE_DEBUG_INFO = INCLUDE_SOURCE;
				MTL_FAST_MATH = YES;
				ONLY_ACTIVE_ARCH = YES;
				SDKROOT = iphoneos;
				SWIFT_ACTIVE_COMPILATION_CONDITIONS = "DEBUG $(inherited)";
				SWIFT_OPTIMIZATION_LEVEL = "-Onone";
			};
			name = Debug;
		};
		19331CE92C1161E000B1C460 /* Release */ = {
			isa = XCBuildConfiguration;
			buildSettings = {
				ALWAYS_SEARCH_USER_PATHS = NO;
				ASSETCATALOG_COMPILER_GENERATE_SWIFT_ASSET_SYMBOL_EXTENSIONS = YES;
				CLANG_ANALYZER_NONNULL = YES;
				CLANG_ANALYZER_NUMBER_OBJECT_CONVERSION = YES_AGGRESSIVE;
				CLANG_CXX_LANGUAGE_STANDARD = "gnu++20";
				CLANG_ENABLE_MODULES = YES;
				CLANG_ENABLE_OBJC_ARC = YES;
				CLANG_ENABLE_OBJC_WEAK = YES;
				CLANG_WARN_BLOCK_CAPTURE_AUTORELEASING = YES;
				CLANG_WARN_BOOL_CONVERSION = YES;
				CLANG_WARN_COMMA = YES;
				CLANG_WARN_CONSTANT_CONVERSION = YES;
				CLANG_WARN_DEPRECATED_OBJC_IMPLEMENTATIONS = YES;
				CLANG_WARN_DIRECT_OBJC_ISA_USAGE = YES_ERROR;
				CLANG_WARN_DOCUMENTATION_COMMENTS = YES;
				CLANG_WARN_EMPTY_BODY = YES;
				CLANG_WARN_ENUM_CONVERSION = YES;
				CLANG_WARN_INFINITE_RECURSION = YES;
				CLANG_WARN_INT_CONVERSION = YES;
				CLANG_WARN_NON_LITERAL_NULL_CONVERSION = YES;
				CLANG_WARN_OBJC_IMPLICIT_RETAIN_SELF = YES;
				CLANG_WARN_OBJC_LITERAL_CONVERSION = YES;
				CLANG_WARN_OBJC_ROOT_CLASS = YES_ERROR;
				CLANG_WARN_QUOTED_INCLUDE_IN_FRAMEWORK_HEADER = YES;
				CLANG_WARN_RANGE_LOOP_ANALYSIS = YES;
				CLANG_WARN_STRICT_PROTOTYPES = YES;
				CLANG_WARN_SUSPICIOUS_MOVE = YES;
				CLANG_WARN_UNGUARDED_AVAILABILITY = YES_AGGRESSIVE;
				CLANG_WARN_UNREACHABLE_CODE = YES;
				CLANG_WARN__DUPLICATE_METHOD_MATCH = YES;
				COPY_PHASE_STRIP = NO;
				DEBUG_INFORMATION_FORMAT = "dwarf-with-dsym";
				ENABLE_NS_ASSERTIONS = NO;
				ENABLE_STRICT_OBJC_MSGSEND = YES;
				ENABLE_USER_SCRIPT_SANDBOXING = YES;
				GCC_C_LANGUAGE_STANDARD = gnu17;
				GCC_NO_COMMON_BLOCKS = YES;
				GCC_WARN_64_TO_32_BIT_CONVERSION = YES;
				GCC_WARN_ABOUT_RETURN_TYPE = YES_ERROR;
				GCC_WARN_UNDECLARED_SELECTOR = YES;
				GCC_WARN_UNINITIALIZED_AUTOS = YES_AGGRESSIVE;
				GCC_WARN_UNUSED_FUNCTION = YES;
				GCC_WARN_UNUSED_VARIABLE = YES;
				IPHONEOS_DEPLOYMENT_TARGET = 17.2;
				LOCALIZATION_PREFERS_STRING_CATALOGS = YES;
				MTL_ENABLE_DEBUG_INFO = NO;
				MTL_FAST_MATH = YES;
				SDKROOT = iphoneos;
				SWIFT_COMPILATION_MODE = wholemodule;
				VALIDATE_PRODUCT = YES;
			};
			name = Release;
		};
		19331CEB2C1161E000B1C460 /* Debug */ = {
			isa = XCBuildConfiguration;
			buildSettings = {
				ASSETCATALOG_COMPILER_APPICON_NAME = AppIcon;
				ASSETCATALOG_COMPILER_GLOBAL_ACCENT_COLOR_NAME = AccentColor;
				CODE_SIGN_STYLE = Automatic;
				CURRENT_PROJECT_VERSION = 1;
				DEVELOPMENT_TEAM = PSWHLPCFB2;
				GENERATE_INFOPLIST_FILE = YES;
				INFOPLIST_FILE = "Netflix Clone/Info.plist";
				INFOPLIST_KEY_UIApplicationSupportsIndirectInputEvents = YES;
				INFOPLIST_KEY_UILaunchStoryboardName = LaunchScreen;
				INFOPLIST_KEY_UISupportedInterfaceOrientations_iPad = "UIInterfaceOrientationPortrait UIInterfaceOrientationPortraitUpsideDown UIInterfaceOrientationLandscapeLeft UIInterfaceOrientationLandscapeRight";
				INFOPLIST_KEY_UISupportedInterfaceOrientations_iPhone = "UIInterfaceOrientationPortrait UIInterfaceOrientationLandscapeLeft UIInterfaceOrientationLandscapeRight";
				LD_RUNPATH_SEARCH_PATHS = (
					"$(inherited)",
					"@executable_path/Frameworks",
				);
				MARKETING_VERSION = 1.0;
				PRODUCT_BUNDLE_IDENTIFIER = "Preet-Pambhar.Netflix-Clone";
				PRODUCT_NAME = "$(TARGET_NAME)";
				SWIFT_EMIT_LOC_STRINGS = YES;
				SWIFT_VERSION = 5.0;
				TARGETED_DEVICE_FAMILY = "1,2";
			};
			name = Debug;
		};
		19331CEC2C1161E000B1C460 /* Release */ = {
			isa = XCBuildConfiguration;
			buildSettings = {
				ASSETCATALOG_COMPILER_APPICON_NAME = AppIcon;
				ASSETCATALOG_COMPILER_GLOBAL_ACCENT_COLOR_NAME = AccentColor;
				CODE_SIGN_STYLE = Automatic;
				CURRENT_PROJECT_VERSION = 1;
				DEVELOPMENT_TEAM = PSWHLPCFB2;
				GENERATE_INFOPLIST_FILE = YES;
				INFOPLIST_FILE = "Netflix Clone/Info.plist";
				INFOPLIST_KEY_UIApplicationSupportsIndirectInputEvents = YES;
				INFOPLIST_KEY_UILaunchStoryboardName = LaunchScreen;
				INFOPLIST_KEY_UISupportedInterfaceOrientations_iPad = "UIInterfaceOrientationPortrait UIInterfaceOrientationPortraitUpsideDown UIInterfaceOrientationLandscapeLeft UIInterfaceOrientationLandscapeRight";
				INFOPLIST_KEY_UISupportedInterfaceOrientations_iPhone = "UIInterfaceOrientationPortrait UIInterfaceOrientationLandscapeLeft UIInterfaceOrientationLandscapeRight";
				LD_RUNPATH_SEARCH_PATHS = (
					"$(inherited)",
					"@executable_path/Frameworks",
				);
				MARKETING_VERSION = 1.0;
				PRODUCT_BUNDLE_IDENTIFIER = "Preet-Pambhar.Netflix-Clone";
				PRODUCT_NAME = "$(TARGET_NAME)";
				SWIFT_EMIT_LOC_STRINGS = YES;
				SWIFT_VERSION = 5.0;
				TARGETED_DEVICE_FAMILY = "1,2";
			};
			name = Release;
		};
/* End XCBuildConfiguration section */

/* Begin XCConfigurationList section */
		19331CD12C1161DE00B1C460 /* Build configuration list for PBXProject "Netflix Clone" */ = {
			isa = XCConfigurationList;
			buildConfigurations = (
				19331CE82C1161E000B1C460 /* Debug */,
				19331CE92C1161E000B1C460 /* Release */,
			);
			defaultConfigurationIsVisible = 0;
			defaultConfigurationName = Release;
		};
		19331CEA2C1161E000B1C460 /* Build configuration list for PBXNativeTarget "Netflix Clone" */ = {
			isa = XCConfigurationList;
			buildConfigurations = (
				19331CEB2C1161E000B1C460 /* Debug */,
				19331CEC2C1161E000B1C460 /* Release */,
			);
			defaultConfigurationIsVisible = 0;
			defaultConfigurationName = Release;
		};
/* End XCConfigurationList section */
	};
	rootObject = 19331CCE2C1161DE00B1C460 /* Project object */;
}
